
Microsoft Visual Studio Solution File, Format Version 12.00
# Visual Studio Version 17
VisualStudioVersion = 17.0.31717.71
MinimumVisualStudioVersion = 10.0.40219.1
Project("{9A19103F-16F7-4668-BE54-9A1E7A4F7556}") = "MetaMit", "MetaMit\MetaMit.csproj", "{DB6588AC-8E2A-47A2-B12A-F10F307C2984}"
EndProject
Project("{9A19103F-16F7-4668-BE54-9A1E7A4F7556}") = "MetaMitStandard", "MetaMitStandard\MetaMitStandard.csproj", "{ED68AE42-17DF-4430-B310-6BD75788BB0A}"
EndProject
Project("{FAE04EC0-301F-11D3-BF4B-00C04F79EFBC}") = "MetaMitPlus", "MetaMitPlus\MetaMitPlus.csproj", "{9C7BF415-A15F-4F20-9FAA-A6A2D398750B}"
EndProject
Global
	GlobalSection(SolutionConfigurationPlatforms) = preSolution
		Debug|Any CPU = Debug|Any CPU
		Release|Any CPU = Release|Any CPU
	EndGlobalSection
	GlobalSection(ProjectConfigurationPlatforms) = postSolution
		{DB6588AC-8E2A-47A2-B12A-F10F307C2984}.Debug|Any CPU.ActiveCfg = Debug|Any CPU
		{DB6588AC-8E2A-47A2-B12A-F10F307C2984}.Debug|Any CPU.Build.0 = Debug|Any CPU
		{DB6588AC-8E2A-47A2-B12A-F10F307C2984}.Release|Any CPU.ActiveCfg = Release|Any CPU
		{DB6588AC-8E2A-47A2-B12A-F10F307C2984}.Release|Any CPU.Build.0 = Release|Any CPU
		{ED68AE42-17DF-4430-B310-6BD75788BB0A}.Debug|Any CPU.ActiveCfg = Debug|Any CPU
		{ED68AE42-17DF-4430-B310-6BD75788BB0A}.Debug|Any CPU.Build.0 = Debug|Any CPU
		{ED68AE42-17DF-4430-B310-6BD75788BB0A}.Release|Any CPU.ActiveCfg = Release|Any CPU
		{ED68AE42-17DF-4430-B310-6BD75788BB0A}.Release|Any CPU.Build.0 = Release|Any CPU
		{9C7BF415-A15F-4F20-9FAA-A6A2D398750B}.Debug|Any CPU.ActiveCfg = Debug|Any CPU
		{9C7BF415-A15F-4F20-9FAA-A6A2D398750B}.Debug|Any CPU.Build.0 = Debug|Any CPU
		{9C7BF415-A15F-4F20-9FAA-A6A2D398750B}.Release|Any CPU.ActiveCfg = Release|Any CPU
		{9C7BF415-A15F-4F20-9FAA-A6A2D398750B}.Release|Any CPU.Build.0 = Release|Any CPU
	EndGlobalSection
	GlobalSection(SolutionProperties) = preSolution
		HideSolutionNode = FALSE
	EndGlobalSection
	GlobalSection(ExtensibilityGlobals) = postSolution
		SolutionGuid = {4400738E-1481-4B7E-AAE0-A935062D0E21}
	EndGlobalSection
EndGlobal
